
Microsoft Visual Studio Solution File, Format Version 12.00
# Visual Studio Version 17
VisualStudioVersion = 17.3.32929.385
MinimumVisualStudioVersion = 10.0.40219.1
Project("{778DAE3C-4631-46EA-AA77-85C1314464D9}") = "LoL-Settings-Switcher", "LoL-Settings-Switcher.vbproj", "{4156AB5F-8D5E-465A-9C06-C9EC8E7E0608}"
EndProject
Project("{54435603-DBB4-11D2-8724-00A0C9A8B90C}") = "installer", "..\installer\installer.vdproj", "{010A6F34-B09F-4C12-B097-0F3C257EBD4E}"
EndProject
Global
	GlobalSection(SolutionConfigurationPlatforms) = preSolution
		Debug|Any CPU = Debug|Any CPU
		Release|Any CPU = Release|Any CPU
	EndGlobalSection
	GlobalSection(ProjectConfigurationPlatforms) = postSolution
		{4156AB5F-8D5E-465A-9C06-C9EC8E7E0608}.Debug|Any CPU.ActiveCfg = Debug|Any CPU
		{4156AB5F-8D5E-465A-9C06-C9EC8E7E0608}.Debug|Any CPU.Build.0 = Debug|Any CPU
		{4156AB5F-8D5E-465A-9C06-C9EC8E7E0608}.Release|Any CPU.ActiveCfg = Release|Any CPU
		{4156AB5F-8D5E-465A-9C06-C9EC8E7E0608}.Release|Any CPU.Build.0 = Release|Any CPU
		{010A6F34-B09F-4C12-B097-0F3C257EBD4E}.Debug|Any CPU.ActiveCfg = Debug
		{010A6F34-B09F-4C12-B097-0F3C257EBD4E}.Release|Any CPU.ActiveCfg = Release
	EndGlobalSection
	GlobalSection(SolutionProperties) = preSolution
		HideSolutionNode = FALSE
	EndGlobalSection
	GlobalSection(ExtensibilityGlobals) = postSolution
		SolutionGuid = {4235EB07-B687-4773-A778-B3A372BF8581}
	EndGlobalSection
EndGlobal
